// !$*UTF8*$!
{
	archiveVersion = 1;
	classes = {
	};
	objectVersion = 51;
	objects = {

/* Begin PBXBuildFile section */
		104F4DD822EC341300F22A4E /* ShopViewController.swift in Sources */ = {isa = PBXBuildFile; fileRef = 104F4DD722EC341300F22A4E /* ShopViewController.swift */; };
		104F4DD922EC341300F22A4E /* ShopViewController.swift in Sources */ = {isa = PBXBuildFile; fileRef = 104F4DD722EC341300F22A4E /* ShopViewController.swift */; };
		104F4DDB22EC347700F22A4E /* ShopViewModel.swift in Sources */ = {isa = PBXBuildFile; fileRef = 104F4DDA22EC347700F22A4E /* ShopViewModel.swift */; };
		104F4DDC22EC347700F22A4E /* ShopViewModel.swift in Sources */ = {isa = PBXBuildFile; fileRef = 104F4DDA22EC347700F22A4E /* ShopViewModel.swift */; };
		104F4DDE22EC34A600F22A4E /* ShopItemTableViewCell.swift in Sources */ = {isa = PBXBuildFile; fileRef = 104F4DDD22EC34A600F22A4E /* ShopItemTableViewCell.swift */; };
		104F4DDF22EC34A600F22A4E /* ShopItemTableViewCell.swift in Sources */ = {isa = PBXBuildFile; fileRef = 104F4DDD22EC34A600F22A4E /* ShopItemTableViewCell.swift */; };
		104F4DE122EC355800F22A4E /* ShopItemAdContainerTableViewCell.swift in Sources */ = {isa = PBXBuildFile; fileRef = 104F4DE022EC355800F22A4E /* ShopItemAdContainerTableViewCell.swift */; };
		104F4DE222EC355800F22A4E /* ShopItemAdContainerTableViewCell.swift in Sources */ = {isa = PBXBuildFile; fileRef = 104F4DE022EC355800F22A4E /* ShopItemAdContainerTableViewCell.swift */; };
		10C7329122F7D37A006CB5D4 /* ShopItemAdCollectionViewCell.swift in Sources */ = {isa = PBXBuildFile; fileRef = 10C7329022F7D37A006CB5D4 /* ShopItemAdCollectionViewCell.swift */; };
		10FD47E8230B91B4007BE72B /* EventViewController.swift in Sources */ = {isa = PBXBuildFile; fileRef = 10FD47E7230B91B4007BE72B /* EventViewController.swift */; };
		10FD47EA230BA069007BE72B /* EventViewModel.swift in Sources */ = {isa = PBXBuildFile; fileRef = 10FD47E9230BA069007BE72B /* EventViewModel.swift */; };
		10FD47EC230BC11F007BE72B /* EventItemCollectionViewCell.swift in Sources */ = {isa = PBXBuildFile; fileRef = 10FD47EB230BC11F007BE72B /* EventItemCollectionViewCell.swift */; };
		355655A12E383E70E02E3069 /* Pods_FalconTests.framework in Frameworks */ = {isa = PBXBuildFile; fileRef = 3A02CF74D0526C90D436EBE1 /* Pods_FalconTests.framework */; };
		6DD60B052329F8A90015A79F /* TalkItemViewModel.swift in Sources */ = {isa = PBXBuildFile; fileRef = 6DD60B042329F8A90015A79F /* TalkItemViewModel.swift */; };
		6DD60B072329F9DA0015A79F /* GGTalkViewController.swift in Sources */ = {isa = PBXBuildFile; fileRef = 6DD60B062329F9DA0015A79F /* GGTalkViewController.swift */; };
		6DD60B09232A213E0015A79F /* TalkListViewModel.swift in Sources */ = {isa = PBXBuildFile; fileRef = 6DD60B08232A213E0015A79F /* TalkListViewModel.swift */; };
		6DD60B0B232A228F0015A79F /* TalkItemCell.swift in Sources */ = {isa = PBXBuildFile; fileRef = 6DD60B0A232A228F0015A79F /* TalkItemCell.swift */; };
		6DD60B0D232F362A0015A79F /* TalkDetailViewController.swift in Sources */ = {isa = PBXBuildFile; fileRef = 6DD60B0C232F362A0015A79F /* TalkDetailViewController.swift */; };
		6DD60B0F232F67CE0015A79F /* TalkBottomProgressView.swift in Sources */ = {isa = PBXBuildFile; fileRef = 6DD60B0E232F67CE0015A79F /* TalkBottomProgressView.swift */; };
		6DD60B11232F6E560015A79F /* TalkProgressViewModel.swift in Sources */ = {isa = PBXBuildFile; fileRef = 6DD60B10232F6E560015A79F /* TalkProgressViewModel.swift */; };
		84506BF722DC16220069717E /* FalcViewController.swift in Sources */ = {isa = PBXBuildFile; fileRef = 84506BF622DC16220069717E /* FalcViewController.swift */; };
		84506BFA22DC16D90069717E /* UIColor+falc.swift in Sources */ = {isa = PBXBuildFile; fileRef = 84506BF922DC16D90069717E /* UIColor+falc.swift */; };
		84506BFD22DC17560069717E /* HomeViewModel.swift in Sources */ = {isa = PBXBuildFile; fileRef = 84506BFC22DC17560069717E /* HomeViewModel.swift */; };
		84506C0022DC1AAF0069717E /* HomeItemTableViewCell.swift in Sources */ = {isa = PBXBuildFile; fileRef = 84506BFF22DC1AAF0069717E /* HomeItemTableViewCell.swift */; };
		84506C0222DC25260069717E /* Array+.swift in Sources */ = {isa = PBXBuildFile; fileRef = 84506C0122DC25260069717E /* Array+.swift */; };
		84506C0422DC26870069717E /* UIFont+falc.swift in Sources */ = {isa = PBXBuildFile; fileRef = 84506C0322DC26870069717E /* UIFont+falc.swift */; };
		848EB7F222C1B7E200E4C549 /* AppDelegate.swift in Sources */ = {isa = PBXBuildFile; fileRef = 848EB7F122C1B7E200E4C549 /* AppDelegate.swift */; };
		848EB7F722C1B7E200E4C549 /* Main.storyboard in Resources */ = {isa = PBXBuildFile; fileRef = 848EB7F522C1B7E200E4C549 /* Main.storyboard */; };
		848EB7F922C1B7E300E4C549 /* Assets.xcassets in Resources */ = {isa = PBXBuildFile; fileRef = 848EB7F822C1B7E300E4C549 /* Assets.xcassets */; };
		848EB7FC22C1B7E300E4C549 /* LaunchScreen.storyboard in Resources */ = {isa = PBXBuildFile; fileRef = 848EB7FA22C1B7E300E4C549 /* LaunchScreen.storyboard */; };
		848EB80722C1B7E300E4C549 /* FalconTests.swift in Sources */ = {isa = PBXBuildFile; fileRef = 848EB80622C1B7E300E4C549 /* FalconTests.swift */; };
		848EB81722C2F1E100E4C549 /* FalcViewModel.swift in Sources */ = {isa = PBXBuildFile; fileRef = 848EB81622C2F1E100E4C549 /* FalcViewModel.swift */; };
		848EB81922C2F27000E4C549 /* FalcView.swift in Sources */ = {isa = PBXBuildFile; fileRef = 848EB81822C2F27000E4C549 /* FalcView.swift */; };
		848EB81D22C3C69200E4C549 /* HomeViewController.swift in Sources */ = {isa = PBXBuildFile; fileRef = 848EB81C22C3C69200E4C549 /* HomeViewController.swift */; };
		848EB81F22C3CCD500E4C549 /* FalcTabBarController.swift in Sources */ = {isa = PBXBuildFile; fileRef = 848EB81E22C3CCD500E4C549 /* FalcTabBarController.swift */; };
		945A882F235321DB0007083A /* ShopGoodsModel.swift in Sources */ = {isa = PBXBuildFile; fileRef = 945A882E235321DB0007083A /* ShopGoodsModel.swift */; };
		94973461234B8F96001D9355 /* ShopModel.swift in Sources */ = {isa = PBXBuildFile; fileRef = 94973460234B8F96001D9355 /* ShopModel.swift */; };
		94994D75232E7858005267A1 /* ShopDetailViewController.swift in Sources */ = {isa = PBXBuildFile; fileRef = 94994D74232E7858005267A1 /* ShopDetailViewController.swift */; };
		94994D77232E7920005267A1 /* ShopDetailViewModel.swift in Sources */ = {isa = PBXBuildFile; fileRef = 94994D76232E7920005267A1 /* ShopDetailViewModel.swift */; };
		94C0ADED234115AA00594238 /* EventModel.swift in Sources */ = {isa = PBXBuildFile; fileRef = 94C0ADEC234115AA00594238 /* EventModel.swift */; };
		951CABD52327B03A0084CC42 /* ORMError.swift in Sources */ = {isa = PBXBuildFile; fileRef = 951CABD42327B03A0084CC42 /* ORMError.swift */; };
		951CABD72327B1BF0084CC42 /* Router.swift in Sources */ = {isa = PBXBuildFile; fileRef = 951CABD62327B1BF0084CC42 /* Router.swift */; };
		95229BD52335C47500E59598 /* ArticleImageViewerController.swift in Sources */ = {isa = PBXBuildFile; fileRef = 95229BD42335C47500E59598 /* ArticleImageViewerController.swift */; };
		9547585A2320F7A800C67594 /* HomeModel.swift in Sources */ = {isa = PBXBuildFile; fileRef = 954758592320F7A800C67594 /* HomeModel.swift */; };
		958F78A62321F3C500604D52 /* AriticleModel.swift in Sources */ = {isa = PBXBuildFile; fileRef = 958F78A52321F3C500604D52 /* AriticleModel.swift */; };
		95A6C96023141061006F37A4 /* ArticleViewController.swift in Sources */ = {isa = PBXBuildFile; fileRef = 95A6C95F23141061006F37A4 /* ArticleViewController.swift */; };
		95A6C96223141073006F37A4 /* MarkdownView.swift in Sources */ = {isa = PBXBuildFile; fileRef = 95A6C96123141073006F37A4 /* MarkdownView.swift */; };
		95A6C966231410BA006F37A4 /* ArticleViewModel.swift in Sources */ = {isa = PBXBuildFile; fileRef = 95A6C965231410BA006F37A4 /* ArticleViewModel.swift */; };
		95A6C96E231411F0006F37A4 /* index.html in Resources */ = {isa = PBXBuildFile; fileRef = 95A6C96B231411EF006F37A4 /* index.html */; };
		95A6C96F231411F0006F37A4 /* main.css in Resources */ = {isa = PBXBuildFile; fileRef = 95A6C96C231411EF006F37A4 /* main.css */; };
		95A6C97423141578006F37A4 /* sample.md in Resources */ = {isa = PBXBuildFile; fileRef = 95A6C97323141578006F37A4 /* sample.md */; };
		95C31A582334B4B200B5DCAD /* MarkdownViewModel.swift in Sources */ = {isa = PBXBuildFile; fileRef = 95C31A572334B4B200B5DCAD /* MarkdownViewModel.swift */; };
		95F444302333AE1100574BE6 /* main.js in Resources */ = {isa = PBXBuildFile; fileRef = 95F4442F2333AE1100574BE6 /* main.js */; };
		A3BAB3C2190F5029F705C64F /* Pods_Falcon.framework in Frameworks */ = {isa = PBXBuildFile; fileRef = D6ACCC2D6C9DDCDAB5F730B3 /* Pods_Falcon.framework */; };
/* End PBXBuildFile section */

/* Begin PBXContainerItemProxy section */
		848EB80322C1B7E300E4C549 /* PBXContainerItemProxy */ = {
			isa = PBXContainerItemProxy;
			containerPortal = 848EB7E622C1B7E200E4C549 /* Project object */;
			proxyType = 1;
			remoteGlobalIDString = 848EB7ED22C1B7E200E4C549;
			remoteInfo = Falcon;
		};
/* End PBXContainerItemProxy section */

/* Begin PBXFileReference section */
		104F4DD722EC341300F22A4E /* ShopViewController.swift */ = {isa = PBXFileReference; lastKnownFileType = sourcecode.swift; path = ShopViewController.swift; sourceTree = "<group>"; };
		104F4DDA22EC347700F22A4E /* ShopViewModel.swift */ = {isa = PBXFileReference; lastKnownFileType = sourcecode.swift; path = ShopViewModel.swift; sourceTree = "<group>"; };
		104F4DDD22EC34A600F22A4E /* ShopItemTableViewCell.swift */ = {isa = PBXFileReference; lastKnownFileType = sourcecode.swift; path = ShopItemTableViewCell.swift; sourceTree = "<group>"; };
		104F4DE022EC355800F22A4E /* ShopItemAdContainerTableViewCell.swift */ = {isa = PBXFileReference; lastKnownFileType = sourcecode.swift; path = ShopItemAdContainerTableViewCell.swift; sourceTree = "<group>"; };
		10C7329022F7D37A006CB5D4 /* ShopItemAdCollectionViewCell.swift */ = {isa = PBXFileReference; lastKnownFileType = sourcecode.swift; path = ShopItemAdCollectionViewCell.swift; sourceTree = "<group>"; };
		10FD47E7230B91B4007BE72B /* EventViewController.swift */ = {isa = PBXFileReference; lastKnownFileType = sourcecode.swift; path = EventViewController.swift; sourceTree = "<group>"; };
		10FD47E9230BA069007BE72B /* EventViewModel.swift */ = {isa = PBXFileReference; lastKnownFileType = sourcecode.swift; path = EventViewModel.swift; sourceTree = "<group>"; };
		10FD47EB230BC11F007BE72B /* EventItemCollectionViewCell.swift */ = {isa = PBXFileReference; lastKnownFileType = sourcecode.swift; name = EventItemCollectionViewCell.swift; path = Falcon/Module/Event/View/EventItemCollectionViewCell.swift; sourceTree = SOURCE_ROOT; };
		12229BD8609C81FB89672E66 /* Pods-Falcon.release.xcconfig */ = {isa = PBXFileReference; includeInIndex = 1; lastKnownFileType = text.xcconfig; name = "Pods-Falcon.release.xcconfig"; path = "Target Support Files/Pods-Falcon/Pods-Falcon.release.xcconfig"; sourceTree = "<group>"; };
		3A02CF74D0526C90D436EBE1 /* Pods_FalconTests.framework */ = {isa = PBXFileReference; explicitFileType = wrapper.framework; includeInIndex = 0; path = Pods_FalconTests.framework; sourceTree = BUILT_PRODUCTS_DIR; };
		6DD60B042329F8A90015A79F /* TalkItemViewModel.swift */ = {isa = PBXFileReference; lastKnownFileType = sourcecode.swift; path = TalkItemViewModel.swift; sourceTree = "<group>"; };
		6DD60B062329F9DA0015A79F /* GGTalkViewController.swift */ = {isa = PBXFileReference; lastKnownFileType = sourcecode.swift; path = GGTalkViewController.swift; sourceTree = "<group>"; };
		6DD60B08232A213E0015A79F /* TalkListViewModel.swift */ = {isa = PBXFileReference; lastKnownFileType = sourcecode.swift; path = TalkListViewModel.swift; sourceTree = "<group>"; };
		6DD60B0A232A228F0015A79F /* TalkItemCell.swift */ = {isa = PBXFileReference; lastKnownFileType = sourcecode.swift; path = TalkItemCell.swift; sourceTree = "<group>"; };
		6DD60B0C232F362A0015A79F /* TalkDetailViewController.swift */ = {isa = PBXFileReference; lastKnownFileType = sourcecode.swift; path = TalkDetailViewController.swift; sourceTree = "<group>"; };
		6DD60B0E232F67CE0015A79F /* TalkBottomProgressView.swift */ = {isa = PBXFileReference; lastKnownFileType = sourcecode.swift; path = TalkBottomProgressView.swift; sourceTree = "<group>"; };
		6DD60B10232F6E560015A79F /* TalkProgressViewModel.swift */ = {isa = PBXFileReference; lastKnownFileType = sourcecode.swift; path = TalkProgressViewModel.swift; sourceTree = "<group>"; };
		84506BF622DC16220069717E /* FalcViewController.swift */ = {isa = PBXFileReference; lastKnownFileType = sourcecode.swift; path = FalcViewController.swift; sourceTree = "<group>"; };
		84506BF922DC16D90069717E /* UIColor+falc.swift */ = {isa = PBXFileReference; lastKnownFileType = sourcecode.swift; path = "UIColor+falc.swift"; sourceTree = "<group>"; };
		84506BFC22DC17560069717E /* HomeViewModel.swift */ = {isa = PBXFileReference; lastKnownFileType = sourcecode.swift; path = HomeViewModel.swift; sourceTree = "<group>"; };
		84506BFF22DC1AAF0069717E /* HomeItemTableViewCell.swift */ = {isa = PBXFileReference; lastKnownFileType = sourcecode.swift; path = HomeItemTableViewCell.swift; sourceTree = "<group>"; };
		84506C0122DC25260069717E /* Array+.swift */ = {isa = PBXFileReference; lastKnownFileType = sourcecode.swift; path = "Array+.swift"; sourceTree = "<group>"; };
		84506C0322DC26870069717E /* UIFont+falc.swift */ = {isa = PBXFileReference; lastKnownFileType = sourcecode.swift; path = "UIFont+falc.swift"; sourceTree = "<group>"; };
		848EB7EE22C1B7E200E4C549 /* Falcon.app */ = {isa = PBXFileReference; explicitFileType = wrapper.application; includeInIndex = 0; path = Falcon.app; sourceTree = BUILT_PRODUCTS_DIR; };
		848EB7F122C1B7E200E4C549 /* AppDelegate.swift */ = {isa = PBXFileReference; lastKnownFileType = sourcecode.swift; path = AppDelegate.swift; sourceTree = "<group>"; };
		848EB7F622C1B7E200E4C549 /* Base */ = {isa = PBXFileReference; lastKnownFileType = file.storyboard; name = Base; path = Base.lproj/Main.storyboard; sourceTree = "<group>"; };
		848EB7F822C1B7E300E4C549 /* Assets.xcassets */ = {isa = PBXFileReference; lastKnownFileType = folder.assetcatalog; path = Assets.xcassets; sourceTree = "<group>"; };
		848EB7FB22C1B7E300E4C549 /* Base */ = {isa = PBXFileReference; lastKnownFileType = file.storyboard; name = Base; path = Base.lproj/LaunchScreen.storyboard; sourceTree = "<group>"; };
		848EB7FD22C1B7E300E4C549 /* Info.plist */ = {isa = PBXFileReference; lastKnownFileType = text.plist.xml; path = Info.plist; sourceTree = "<group>"; };
		848EB80222C1B7E300E4C549 /* FalconTests.xctest */ = {isa = PBXFileReference; explicitFileType = wrapper.cfbundle; includeInIndex = 0; path = FalconTests.xctest; sourceTree = BUILT_PRODUCTS_DIR; };
		848EB80622C1B7E300E4C549 /* FalconTests.swift */ = {isa = PBXFileReference; lastKnownFileType = sourcecode.swift; path = FalconTests.swift; sourceTree = "<group>"; };
		848EB80822C1B7E300E4C549 /* Info.plist */ = {isa = PBXFileReference; lastKnownFileType = text.plist.xml; path = Info.plist; sourceTree = "<group>"; };
		848EB81622C2F1E100E4C549 /* FalcViewModel.swift */ = {isa = PBXFileReference; lastKnownFileType = sourcecode.swift; path = FalcViewModel.swift; sourceTree = "<group>"; };
		848EB81822C2F27000E4C549 /* FalcView.swift */ = {isa = PBXFileReference; lastKnownFileType = sourcecode.swift; path = FalcView.swift; sourceTree = "<group>"; };
		848EB81C22C3C69200E4C549 /* HomeViewController.swift */ = {isa = PBXFileReference; fileEncoding = 4; lastKnownFileType = sourcecode.swift; path = HomeViewController.swift; sourceTree = "<group>"; };
		848EB81E22C3CCD500E4C549 /* FalcTabBarController.swift */ = {isa = PBXFileReference; lastKnownFileType = sourcecode.swift; path = FalcTabBarController.swift; sourceTree = "<group>"; };
		8A2913FDB89468DEF16DB509 /* Pods-Falcon.debug.xcconfig */ = {isa = PBXFileReference; includeInIndex = 1; lastKnownFileType = text.xcconfig; name = "Pods-Falcon.debug.xcconfig"; path = "Target Support Files/Pods-Falcon/Pods-Falcon.debug.xcconfig"; sourceTree = "<group>"; };
		945A882E235321DB0007083A /* ShopGoodsModel.swift */ = {isa = PBXFileReference; lastKnownFileType = sourcecode.swift; path = ShopGoodsModel.swift; sourceTree = "<group>"; };
		94973460234B8F96001D9355 /* ShopModel.swift */ = {isa = PBXFileReference; lastKnownFileType = sourcecode.swift; path = ShopModel.swift; sourceTree = "<group>"; };
		94994D74232E7858005267A1 /* ShopDetailViewController.swift */ = {isa = PBXFileReference; lastKnownFileType = sourcecode.swift; path = ShopDetailViewController.swift; sourceTree = "<group>"; };
		94994D76232E7920005267A1 /* ShopDetailViewModel.swift */ = {isa = PBXFileReference; lastKnownFileType = sourcecode.swift; path = ShopDetailViewModel.swift; sourceTree = "<group>"; };
		94C0ADEC234115AA00594238 /* EventModel.swift */ = {isa = PBXFileReference; lastKnownFileType = sourcecode.swift; path = EventModel.swift; sourceTree = "<group>"; };
		951CABD42327B03A0084CC42 /* ORMError.swift */ = {isa = PBXFileReference; lastKnownFileType = sourcecode.swift; path = ORMError.swift; sourceTree = "<group>"; };
		951CABD62327B1BF0084CC42 /* Router.swift */ = {isa = PBXFileReference; lastKnownFileType = sourcecode.swift; path = Router.swift; sourceTree = "<group>"; };
		95229BD42335C47500E59598 /* ArticleImageViewerController.swift */ = {isa = PBXFileReference; fileEncoding = 4; lastKnownFileType = sourcecode.swift; path = ArticleImageViewerController.swift; sourceTree = "<group>"; };
		954758592320F7A800C67594 /* HomeModel.swift */ = {isa = PBXFileReference; lastKnownFileType = sourcecode.swift; path = HomeModel.swift; sourceTree = "<group>"; };
		958F78A52321F3C500604D52 /* AriticleModel.swift */ = {isa = PBXFileReference; lastKnownFileType = sourcecode.swift; path = AriticleModel.swift; sourceTree = "<group>"; };
		95A6C95F23141061006F37A4 /* ArticleViewController.swift */ = {isa = PBXFileReference; lastKnownFileType = sourcecode.swift; path = ArticleViewController.swift; sourceTree = "<group>"; };
		95A6C96123141073006F37A4 /* MarkdownView.swift */ = {isa = PBXFileReference; lastKnownFileType = sourcecode.swift; path = MarkdownView.swift; sourceTree = "<group>"; };
		95A6C965231410BA006F37A4 /* ArticleViewModel.swift */ = {isa = PBXFileReference; lastKnownFileType = sourcecode.swift; path = ArticleViewModel.swift; sourceTree = "<group>"; };
		95A6C96B231411EF006F37A4 /* index.html */ = {isa = PBXFileReference; fileEncoding = 4; lastKnownFileType = text.html; path = index.html; sourceTree = "<group>"; };
		95A6C96C231411EF006F37A4 /* main.css */ = {isa = PBXFileReference; fileEncoding = 4; lastKnownFileType = text.css; path = main.css; sourceTree = "<group>"; };
		95A6C97323141578006F37A4 /* sample.md */ = {isa = PBXFileReference; fileEncoding = 4; lastKnownFileType = net.daringfireball.markdown; path = sample.md; sourceTree = "<group>"; };
		95C31A572334B4B200B5DCAD /* MarkdownViewModel.swift */ = {isa = PBXFileReference; lastKnownFileType = sourcecode.swift; path = MarkdownViewModel.swift; sourceTree = "<group>"; };
		95F4442F2333AE1100574BE6 /* main.js */ = {isa = PBXFileReference; fileEncoding = 4; lastKnownFileType = sourcecode.javascript; path = main.js; sourceTree = "<group>"; };
		A0C35EFB44B6796AA4283BB9 /* Pods-FalconTests.release.xcconfig */ = {isa = PBXFileReference; includeInIndex = 1; lastKnownFileType = text.xcconfig; name = "Pods-FalconTests.release.xcconfig"; path = "Target Support Files/Pods-FalconTests/Pods-FalconTests.release.xcconfig"; sourceTree = "<group>"; };
		A1565EFCB9161BCF7C06416F /* Pods-FalconTests.debug.xcconfig */ = {isa = PBXFileReference; includeInIndex = 1; lastKnownFileType = text.xcconfig; name = "Pods-FalconTests.debug.xcconfig"; path = "Target Support Files/Pods-FalconTests/Pods-FalconTests.debug.xcconfig"; sourceTree = "<group>"; };
		D6ACCC2D6C9DDCDAB5F730B3 /* Pods_Falcon.framework */ = {isa = PBXFileReference; explicitFileType = wrapper.framework; includeInIndex = 0; path = Pods_Falcon.framework; sourceTree = BUILT_PRODUCTS_DIR; };
/* End PBXFileReference section */

/* Begin PBXFrameworksBuildPhase section */
		848EB7EB22C1B7E200E4C549 /* Frameworks */ = {
			isa = PBXFrameworksBuildPhase;
			buildActionMask = 2147483647;
			files = (
				A3BAB3C2190F5029F705C64F /* Pods_Falcon.framework in Frameworks */,
			);
			runOnlyForDeploymentPostprocessing = 0;
		};
		848EB7FF22C1B7E300E4C549 /* Frameworks */ = {
			isa = PBXFrameworksBuildPhase;
			buildActionMask = 2147483647;
			files = (
				355655A12E383E70E02E3069 /* Pods_FalconTests.framework in Frameworks */,
			);
			runOnlyForDeploymentPostprocessing = 0;
		};
/* End PBXFrameworksBuildPhase section */

/* Begin PBXGroup section */
		104F4DD322EC33BD00F22A4E /* Shop */ = {
			isa = PBXGroup;
			children = (
				9497345F234B8F75001D9355 /* Model */,
				104F4DD622EC33D800F22A4E /* Controller */,
				104F4DD522EC33D000F22A4E /* ViewModel */,
				104F4DD422EC33C800F22A4E /* View */,
			);
			path = Shop;
			sourceTree = "<group>";
		};
		104F4DD422EC33C800F22A4E /* View */ = {
			isa = PBXGroup;
			children = (
				104F4DDD22EC34A600F22A4E /* ShopItemTableViewCell.swift */,
				10C7329022F7D37A006CB5D4 /* ShopItemAdCollectionViewCell.swift */,
				104F4DE022EC355800F22A4E /* ShopItemAdContainerTableViewCell.swift */,
			);
			path = View;
			sourceTree = "<group>";
		};
		104F4DD522EC33D000F22A4E /* ViewModel */ = {
			isa = PBXGroup;
			children = (
				104F4DDA22EC347700F22A4E /* ShopViewModel.swift */,
				94994D76232E7920005267A1 /* ShopDetailViewModel.swift */,
			);
			path = ViewModel;
			sourceTree = "<group>";
		};
		104F4DD622EC33D800F22A4E /* Controller */ = {
			isa = PBXGroup;
			children = (
				104F4DD722EC341300F22A4E /* ShopViewController.swift */,
				94994D74232E7858005267A1 /* ShopDetailViewController.swift */,
			);
			path = Controller;
			sourceTree = "<group>";
		};
		10FD47E3230B8D48007BE72B /* Event */ = {
			isa = PBXGroup;
			children = (
				94C0ADEB2341157200594238 /* Model */,
				10FD47E4230B8D48007BE72B /* ViewModel */,
				10FD47E5230B8D48007BE72B /* View */,
				10FD47E6230B8D48007BE72B /* ViewController */,
			);
			path = Event;
			sourceTree = "<group>";
		};
		10FD47E4230B8D48007BE72B /* ViewModel */ = {
			isa = PBXGroup;
			children = (
				10FD47E9230BA069007BE72B /* EventViewModel.swift */,
			);
			path = ViewModel;
			sourceTree = "<group>";
		};
		10FD47E5230B8D48007BE72B /* View */ = {
			isa = PBXGroup;
			children = (
				10FD47EB230BC11F007BE72B /* EventItemCollectionViewCell.swift */,
			);
			path = View;
			sourceTree = "<group>";
		};
		10FD47E6230B8D48007BE72B /* ViewController */ = {
			isa = PBXGroup;
			children = (
				10FD47E7230B91B4007BE72B /* EventViewController.swift */,
			);
			path = ViewController;
			sourceTree = "<group>";
		};
		280A56A7C2609FDC23AA31AD /* Frameworks */ = {
			isa = PBXGroup;
			children = (
				D6ACCC2D6C9DDCDAB5F730B3 /* Pods_Falcon.framework */,
				3A02CF74D0526C90D436EBE1 /* Pods_FalconTests.framework */,
			);
			name = Frameworks;
			sourceTree = "<group>";
		};
		6DD60B002329F73B0015A79F /* GGTalk */ = {
			isa = PBXGroup;
			children = (
				6DD60B032329F7590015A79F /* ViewController */,
				6DD60B022329F7540015A79F /* View */,
				6DD60B012329F74D0015A79F /* ViewModel */,
			);
			path = GGTalk;
			sourceTree = "<group>";
		};
		6DD60B012329F74D0015A79F /* ViewModel */ = {
			isa = PBXGroup;
			children = (
				6DD60B08232A213E0015A79F /* TalkListViewModel.swift */,
				6DD60B042329F8A90015A79F /* TalkItemViewModel.swift */,
				6DD60B10232F6E560015A79F /* TalkProgressViewModel.swift */,
			);
			path = ViewModel;
			sourceTree = "<group>";
		};
		6DD60B022329F7540015A79F /* View */ = {
			isa = PBXGroup;
			children = (
				6DD60B0A232A228F0015A79F /* TalkItemCell.swift */,
				6DD60B0E232F67CE0015A79F /* TalkBottomProgressView.swift */,
			);
			path = View;
			sourceTree = "<group>";
		};
		6DD60B032329F7590015A79F /* ViewController */ = {
			isa = PBXGroup;
			children = (
				6DD60B062329F9DA0015A79F /* GGTalkViewController.swift */,
				6DD60B0C232F362A0015A79F /* TalkDetailViewController.swift */,
			);
			path = ViewController;
			sourceTree = "<group>";
		};
		84506BF522DC15BD0069717E /* Controller */ = {
			isa = PBXGroup;
			children = (
				848EB81C22C3C69200E4C549 /* HomeViewController.swift */,
				95A6C95F23141061006F37A4 /* ArticleViewController.swift */,
				95229BD42335C47500E59598 /* ArticleImageViewerController.swift */,
			);
			path = Controller;
			sourceTree = "<group>";
		};
		84506BF822DC16CA0069717E /* Style */ = {
			isa = PBXGroup;
			children = (
				84506BF922DC16D90069717E /* UIColor+falc.swift */,
				84506C0322DC26870069717E /* UIFont+falc.swift */,
				84506C0122DC25260069717E /* Array+.swift */,
			);
			path = Style;
			sourceTree = "<group>";
		};
		84506BFB22DC17470069717E /* ViewModel */ = {
			isa = PBXGroup;
			children = (
				84506BFC22DC17560069717E /* HomeViewModel.swift */,
				95A6C965231410BA006F37A4 /* ArticleViewModel.swift */,
				95C31A572334B4B200B5DCAD /* MarkdownViewModel.swift */,
			);
			path = ViewModel;
			sourceTree = "<group>";
		};
		84506BFE22DC19CC0069717E /* View */ = {
			isa = PBXGroup;
			children = (
				84506BFF22DC1AAF0069717E /* HomeItemTableViewCell.swift */,
				95A6C96123141073006F37A4 /* MarkdownView.swift */,
			);
			path = View;
			sourceTree = "<group>";
		};
		848EB7E522C1B7E200E4C549 = {
			isa = PBXGroup;
			children = (
				848EB7F022C1B7E200E4C549 /* Falcon */,
				848EB80522C1B7E300E4C549 /* FalconTests */,
				848EB7EF22C1B7E200E4C549 /* Products */,
				CC92B34EB387259D5C5E58D1 /* Pods */,
				280A56A7C2609FDC23AA31AD /* Frameworks */,
			);
			sourceTree = "<group>";
		};
		848EB7EF22C1B7E200E4C549 /* Products */ = {
			isa = PBXGroup;
			children = (
				848EB7EE22C1B7E200E4C549 /* Falcon.app */,
				848EB80222C1B7E300E4C549 /* FalconTests.xctest */,
			);
			name = Products;
			sourceTree = "<group>";
		};
		848EB7F022C1B7E200E4C549 /* Falcon */ = {
			isa = PBXGroup;
			children = (
				95A6C969231411B6006F37A4 /* Resources */,
				84506BF822DC16CA0069717E /* Style */,
				848EB81422C2F0C900E4C549 /* Core */,
				848EB81322C2F0B900E4C549 /* Config */,
				848EB81222C2F0AC00E4C549 /* Module */,
				848EB7F822C1B7E300E4C549 /* Assets.xcassets */,
				848EB7FA22C1B7E300E4C549 /* LaunchScreen.storyboard */,
				848EB7FD22C1B7E300E4C549 /* Info.plist */,
			);
			path = Falcon;
			sourceTree = "<group>";
		};
		848EB80522C1B7E300E4C549 /* FalconTests */ = {
			isa = PBXGroup;
			children = (
				848EB80622C1B7E300E4C549 /* FalconTests.swift */,
				848EB80822C1B7E300E4C549 /* Info.plist */,
			);
			path = FalconTests;
			sourceTree = "<group>";
		};
		848EB81222C2F0AC00E4C549 /* Module */ = {
			isa = PBXGroup;
			children = (
				6DD60B002329F73B0015A79F /* GGTalk */,
				10FD47E3230B8D48007BE72B /* Event */,
				104F4DD322EC33BD00F22A4E /* Shop */,
				848EB81B22C2FAEE00E4C549 /* Tab */,
				848EB81A22C2FAE100E4C549 /* Home */,
			);
			path = Module;
			sourceTree = "<group>";
		};
		848EB81322C2F0B900E4C549 /* Config */ = {
			isa = PBXGroup;
			children = (
				848EB7F122C1B7E200E4C549 /* AppDelegate.swift */,
				848EB7F522C1B7E200E4C549 /* Main.storyboard */,
			);
			path = Config;
			sourceTree = "<group>";
		};
		848EB81422C2F0C900E4C549 /* Core */ = {
			isa = PBXGroup;
			children = (
				848EB81522C2F0DA00E4C549 /* Arch */,
			);
			path = Core;
			sourceTree = "<group>";
		};
		848EB81522C2F0DA00E4C549 /* Arch */ = {
			isa = PBXGroup;
			children = (
				848EB81622C2F1E100E4C549 /* FalcViewModel.swift */,
				848EB81822C2F27000E4C549 /* FalcView.swift */,
				84506BF622DC16220069717E /* FalcViewController.swift */,
			);
			path = Arch;
			sourceTree = "<group>";
		};
		848EB81A22C2FAE100E4C549 /* Home */ = {
			isa = PBXGroup;
			children = (
				951CABD62327B1BF0084CC42 /* Router.swift */,
				951CABD42327B03A0084CC42 /* ORMError.swift */,
				954758582320F15D00C67594 /* Model */,
				84506BFE22DC19CC0069717E /* View */,
				84506BFB22DC17470069717E /* ViewModel */,
				84506BF522DC15BD0069717E /* Controller */,
			);
			path = Home;
			sourceTree = "<group>";
		};
		848EB81B22C2FAEE00E4C549 /* Tab */ = {
			isa = PBXGroup;
			children = (
				848EB81E22C3CCD500E4C549 /* FalcTabBarController.swift */,
			);
			path = Tab;
			sourceTree = "<group>";
		};
		9497345F234B8F75001D9355 /* Model */ = {
			isa = PBXGroup;
			children = (
				94973460234B8F96001D9355 /* ShopModel.swift */,
				945A882E235321DB0007083A /* ShopGoodsModel.swift */,
			);
			path = Model;
			sourceTree = "<group>";
		};
		94C0ADEB2341157200594238 /* Model */ = {
			isa = PBXGroup;
			children = (
				94C0ADEC234115AA00594238 /* EventModel.swift */,
			);
			path = Model;
			sourceTree = "<group>";
		};
		954758582320F15D00C67594 /* Model */ = {
			isa = PBXGroup;
			children = (
				954758592320F7A800C67594 /* HomeModel.swift */,
				958F78A52321F3C500604D52 /* AriticleModel.swift */,
			);
			path = Model;
			sourceTree = "<group>";
		};
		95A6C969231411B6006F37A4 /* Resources */ = {
			isa = PBXGroup;
			children = (
				95A6C96A231411E6006F37A4 /* Markdown */,
			);
			path = Resources;
			sourceTree = "<group>";
		};
		95A6C96A231411E6006F37A4 /* Markdown */ = {
			isa = PBXGroup;
			children = (
				95A6C97323141578006F37A4 /* sample.md */,
				95A6C96B231411EF006F37A4 /* index.html */,
				95A6C96C231411EF006F37A4 /* main.css */,
				95F4442F2333AE1100574BE6 /* main.js */,
			);
			path = Markdown;
			sourceTree = "<group>";
		};
		CC92B34EB387259D5C5E58D1 /* Pods */ = {
			isa = PBXGroup;
			children = (
				8A2913FDB89468DEF16DB509 /* Pods-Falcon.debug.xcconfig */,
				12229BD8609C81FB89672E66 /* Pods-Falcon.release.xcconfig */,
				A1565EFCB9161BCF7C06416F /* Pods-FalconTests.debug.xcconfig */,
				A0C35EFB44B6796AA4283BB9 /* Pods-FalconTests.release.xcconfig */,
			);
			path = Pods;
			sourceTree = "<group>";
		};
/* End PBXGroup section */

/* Begin PBXNativeTarget section */
		848EB7ED22C1B7E200E4C549 /* Falcon */ = {
			isa = PBXNativeTarget;
			buildConfigurationList = 848EB80B22C1B7E300E4C549 /* Build configuration list for PBXNativeTarget "Falcon" */;
			buildPhases = (
				2B737B86B811CCB3F56E3606 /* [CP] Check Pods Manifest.lock */,
				848EB7EA22C1B7E200E4C549 /* Sources */,
				848EB7EB22C1B7E200E4C549 /* Frameworks */,
				848EB7EC22C1B7E200E4C549 /* Resources */,
				649BA9BA1E15D0149E63067F /* [CP] Embed Pods Frameworks */,
			);
			buildRules = (
			);
			dependencies = (
			);
			name = Falcon;
			productName = Falcon;
			productReference = 848EB7EE22C1B7E200E4C549 /* Falcon.app */;
			productType = "com.apple.product-type.application";
		};
		848EB80122C1B7E300E4C549 /* FalconTests */ = {
			isa = PBXNativeTarget;
			buildConfigurationList = 848EB80E22C1B7E300E4C549 /* Build configuration list for PBXNativeTarget "FalconTests" */;
			buildPhases = (
				178AF471B17DCFB86150C228 /* [CP] Check Pods Manifest.lock */,
				848EB7FE22C1B7E300E4C549 /* Sources */,
				848EB7FF22C1B7E300E4C549 /* Frameworks */,
				848EB80022C1B7E300E4C549 /* Resources */,
				8168131984EDD625E9DCFC46 /* [CP] Embed Pods Frameworks */,
			);
			buildRules = (
			);
			dependencies = (
				848EB80422C1B7E300E4C549 /* PBXTargetDependency */,
			);
			name = FalconTests;
			productName = FalconTests;
			productReference = 848EB80222C1B7E300E4C549 /* FalconTests.xctest */;
			productType = "com.apple.product-type.bundle.unit-test";
		};
/* End PBXNativeTarget section */

/* Begin PBXProject section */
		848EB7E622C1B7E200E4C549 /* Project object */ = {
			isa = PBXProject;
			attributes = {
				LastSwiftUpdateCheck = 1020;
				LastUpgradeCheck = 1020;
				ORGANIZATIONNAME = "Harry Duan";
				TargetAttributes = {
					848EB7ED22C1B7E200E4C549 = {
						CreatedOnToolsVersion = 10.2.1;
					};
					848EB80122C1B7E300E4C549 = {
						CreatedOnToolsVersion = 10.2.1;
						TestTargetID = 848EB7ED22C1B7E200E4C549;
					};
				};
			};
			buildConfigurationList = 848EB7E922C1B7E200E4C549 /* Build configuration list for PBXProject "Falcon" */;
			compatibilityVersion = "Xcode 9.3";
			developmentRegion = en;
			hasScannedForEncodings = 0;
			knownRegions = (
				en,
				Base,
			);
			mainGroup = 848EB7E522C1B7E200E4C549;
			productRefGroup = 848EB7EF22C1B7E200E4C549 /* Products */;
			projectDirPath = "";
			projectRoot = "";
			targets = (
				848EB7ED22C1B7E200E4C549 /* Falcon */,
				848EB80122C1B7E300E4C549 /* FalconTests */,
			);
		};
/* End PBXProject section */

/* Begin PBXResourcesBuildPhase section */
		848EB7EC22C1B7E200E4C549 /* Resources */ = {
			isa = PBXResourcesBuildPhase;
			buildActionMask = 2147483647;
			files = (
				848EB7FC22C1B7E300E4C549 /* LaunchScreen.storyboard in Resources */,
				95A6C96F231411F0006F37A4 /* main.css in Resources */,
				95A6C96E231411F0006F37A4 /* index.html in Resources */,
				95A6C97423141578006F37A4 /* sample.md in Resources */,
				95F444302333AE1100574BE6 /* main.js in Resources */,
				848EB7F922C1B7E300E4C549 /* Assets.xcassets in Resources */,
				848EB7F722C1B7E200E4C549 /* Main.storyboard in Resources */,
			);
			runOnlyForDeploymentPostprocessing = 0;
		};
		848EB80022C1B7E300E4C549 /* Resources */ = {
			isa = PBXResourcesBuildPhase;
			buildActionMask = 2147483647;
			files = (
			);
			runOnlyForDeploymentPostprocessing = 0;
		};
/* End PBXResourcesBuildPhase section */

/* Begin PBXShellScriptBuildPhase section */
		178AF471B17DCFB86150C228 /* [CP] Check Pods Manifest.lock */ = {
			isa = PBXShellScriptBuildPhase;
			buildActionMask = 2147483647;
			files = (
			);
			inputFileListPaths = (
			);
			inputPaths = (
				"${PODS_PODFILE_DIR_PATH}/Podfile.lock",
				"${PODS_ROOT}/Manifest.lock",
			);
			name = "[CP] Check Pods Manifest.lock";
			outputFileListPaths = (
			);
			outputPaths = (
				"$(DERIVED_FILE_DIR)/Pods-FalconTests-checkManifestLockResult.txt",
			);
			runOnlyForDeploymentPostprocessing = 0;
			shellPath = /bin/sh;
			shellScript = "diff \"${PODS_PODFILE_DIR_PATH}/Podfile.lock\" \"${PODS_ROOT}/Manifest.lock\" > /dev/null\nif [ $? != 0 ] ; then\n    # print error to STDERR\n    echo \"error: The sandbox is not in sync with the Podfile.lock. Run 'pod install' or update your CocoaPods installation.\" >&2\n    exit 1\nfi\n# This output is used by Xcode 'outputs' to avoid re-running this script phase.\necho \"SUCCESS\" > \"${SCRIPT_OUTPUT_FILE_0}\"\n";
			showEnvVarsInLog = 0;
		};
		2B737B86B811CCB3F56E3606 /* [CP] Check Pods Manifest.lock */ = {
			isa = PBXShellScriptBuildPhase;
			buildActionMask = 2147483647;
			files = (
			);
			inputFileListPaths = (
			);
			inputPaths = (
				"${PODS_PODFILE_DIR_PATH}/Podfile.lock",
				"${PODS_ROOT}/Manifest.lock",
			);
			name = "[CP] Check Pods Manifest.lock";
			outputFileListPaths = (
			);
			outputPaths = (
				"$(DERIVED_FILE_DIR)/Pods-Falcon-checkManifestLockResult.txt",
			);
			runOnlyForDeploymentPostprocessing = 0;
			shellPath = /bin/sh;
			shellScript = "diff \"${PODS_PODFILE_DIR_PATH}/Podfile.lock\" \"${PODS_ROOT}/Manifest.lock\" > /dev/null\nif [ $? != 0 ] ; then\n    # print error to STDERR\n    echo \"error: The sandbox is not in sync with the Podfile.lock. Run 'pod install' or update your CocoaPods installation.\" >&2\n    exit 1\nfi\n# This output is used by Xcode 'outputs' to avoid re-running this script phase.\necho \"SUCCESS\" > \"${SCRIPT_OUTPUT_FILE_0}\"\n";
			showEnvVarsInLog = 0;
		};
		649BA9BA1E15D0149E63067F /* [CP] Embed Pods Frameworks */ = {
			isa = PBXShellScriptBuildPhase;
			buildActionMask = 2147483647;
			files = (
			);
			inputFileListPaths = (
				"${PODS_ROOT}/Target Support Files/Pods-Falcon/Pods-Falcon-frameworks-${CONFIGURATION}-input-files.xcfilelist",
			);
			name = "[CP] Embed Pods Frameworks";
			outputFileListPaths = (
				"${PODS_ROOT}/Target Support Files/Pods-Falcon/Pods-Falcon-frameworks-${CONFIGURATION}-output-files.xcfilelist",
			);
			runOnlyForDeploymentPostprocessing = 0;
			shellPath = /bin/sh;
			shellScript = "\"${PODS_ROOT}/Target Support Files/Pods-Falcon/Pods-Falcon-frameworks.sh\"\n";
			showEnvVarsInLog = 0;
		};
		8168131984EDD625E9DCFC46 /* [CP] Embed Pods Frameworks */ = {
			isa = PBXShellScriptBuildPhase;
			buildActionMask = 2147483647;
			files = (
			);
			inputFileListPaths = (
				"${PODS_ROOT}/Target Support Files/Pods-FalconTests/Pods-FalconTests-frameworks-${CONFIGURATION}-input-files.xcfilelist",
			);
			name = "[CP] Embed Pods Frameworks";
			outputFileListPaths = (
				"${PODS_ROOT}/Target Support Files/Pods-FalconTests/Pods-FalconTests-frameworks-${CONFIGURATION}-output-files.xcfilelist",
			);
			runOnlyForDeploymentPostprocessing = 0;
			shellPath = /bin/sh;
			shellScript = "\"${PODS_ROOT}/Target Support Files/Pods-FalconTests/Pods-FalconTests-frameworks.sh\"\n";
			showEnvVarsInLog = 0;
		};
/* End PBXShellScriptBuildPhase section */

/* Begin PBXSourcesBuildPhase section */
		848EB7EA22C1B7E200E4C549 /* Sources */ = {
			isa = PBXSourcesBuildPhase;
			buildActionMask = 2147483647;
			files = (
				104F4DE122EC355800F22A4E /* ShopItemAdContainerTableViewCell.swift in Sources */,
				10FD47EA230BA069007BE72B /* EventViewModel.swift in Sources */,
				94994D75232E7858005267A1 /* ShopDetailViewController.swift in Sources */,
				848EB7F222C1B7E200E4C549 /* AppDelegate.swift in Sources */,
				6DD60B052329F8A90015A79F /* TalkItemViewModel.swift in Sources */,
				94973461234B8F96001D9355 /* ShopModel.swift in Sources */,
				848EB81F22C3CCD500E4C549 /* FalcTabBarController.swift in Sources */,
				958F78A62321F3C500604D52 /* AriticleModel.swift in Sources */,
				104F4DDE22EC34A600F22A4E /* ShopItemTableViewCell.swift in Sources */,
				6DD60B072329F9DA0015A79F /* GGTalkViewController.swift in Sources */,
				84506BFA22DC16D90069717E /* UIColor+falc.swift in Sources */,
				84506BFD22DC17560069717E /* HomeViewModel.swift in Sources */,
				95A6C966231410BA006F37A4 /* ArticleViewModel.swift in Sources */,
				95C31A582334B4B200B5DCAD /* MarkdownViewModel.swift in Sources */,
				84506C0022DC1AAF0069717E /* HomeItemTableViewCell.swift in Sources */,
				848EB81922C2F27000E4C549 /* FalcView.swift in Sources */,
				84506C0422DC26870069717E /* UIFont+falc.swift in Sources */,
				104F4DDB22EC347700F22A4E /* ShopViewModel.swift in Sources */,
				10C7329122F7D37A006CB5D4 /* ShopItemAdCollectionViewCell.swift in Sources */,
				95A6C96223141073006F37A4 /* MarkdownView.swift in Sources */,
				94994D77232E7920005267A1 /* ShopDetailViewModel.swift in Sources */,
				6DD60B0F232F67CE0015A79F /* TalkBottomProgressView.swift in Sources */,
				10FD47EC230BC11F007BE72B /* EventItemCollectionViewCell.swift in Sources */,
				6DD60B11232F6E560015A79F /* TalkProgressViewModel.swift in Sources */,
				848EB81D22C3C69200E4C549 /* HomeViewController.swift in Sources */,
				104F4DD822EC341300F22A4E /* ShopViewController.swift in Sources */,
				9547585A2320F7A800C67594 /* HomeModel.swift in Sources */,
				94C0ADED234115AA00594238 /* EventModel.swift in Sources */,
				95229BD52335C47500E59598 /* ArticleImageViewerController.swift in Sources */,
				84506BF722DC16220069717E /* FalcViewController.swift in Sources */,
				945A882F235321DB0007083A /* ShopGoodsModel.swift in Sources */,
				6DD60B09232A213E0015A79F /* TalkListViewModel.swift in Sources */,
				848EB81722C2F1E100E4C549 /* FalcViewModel.swift in Sources */,
				6DD60B0B232A228F0015A79F /* TalkItemCell.swift in Sources */,
				95A6C96023141061006F37A4 /* ArticleViewController.swift in Sources */,
				951CABD52327B03A0084CC42 /* ORMError.swift in Sources */,
				951CABD72327B1BF0084CC42 /* Router.swift in Sources */,
				84506C0222DC25260069717E /* Array+.swift in Sources */,
				10FD47E8230B91B4007BE72B /* EventViewController.swift in Sources */,
				6DD60B0D232F362A0015A79F /* TalkDetailViewController.swift in Sources */,
			);
			runOnlyForDeploymentPostprocessing = 0;
		};
		848EB7FE22C1B7E300E4C549 /* Sources */ = {
			isa = PBXSourcesBuildPhase;
			buildActionMask = 2147483647;
			files = (
				104F4DE222EC355800F22A4E /* ShopItemAdContainerTableViewCell.swift in Sources */,
				104F4DD922EC341300F22A4E /* ShopViewController.swift in Sources */,
				848EB80722C1B7E300E4C549 /* FalconTests.swift in Sources */,
				104F4DDF22EC34A600F22A4E /* ShopItemTableViewCell.swift in Sources */,
				104F4DDC22EC347700F22A4E /* ShopViewModel.swift in Sources */,
			);
			runOnlyForDeploymentPostprocessing = 0;
		};
/* End PBXSourcesBuildPhase section */

/* Begin PBXTargetDependency section */
		848EB80422C1B7E300E4C549 /* PBXTargetDependency */ = {
			isa = PBXTargetDependency;
			target = 848EB7ED22C1B7E200E4C549 /* Falcon */;
			targetProxy = 848EB80322C1B7E300E4C549 /* PBXContainerItemProxy */;
		};
/* End PBXTargetDependency section */

/* Begin PBXVariantGroup section */
		848EB7F522C1B7E200E4C549 /* Main.storyboard */ = {
			isa = PBXVariantGroup;
			children = (
				848EB7F622C1B7E200E4C549 /* Base */,
			);
			name = Main.storyboard;
			sourceTree = "<group>";
		};
		848EB7FA22C1B7E300E4C549 /* LaunchScreen.storyboard */ = {
			isa = PBXVariantGroup;
			children = (
				848EB7FB22C1B7E300E4C549 /* Base */,
			);
			name = LaunchScreen.storyboard;
			sourceTree = "<group>";
		};
/* End PBXVariantGroup section */

/* Begin XCBuildConfiguration section */
		848EB80922C1B7E300E4C549 /* Debug */ = {
			isa = XCBuildConfiguration;
			buildSettings = {
				ALWAYS_SEARCH_USER_PATHS = NO;
				CLANG_ANALYZER_NONNULL = YES;
				CLANG_ANALYZER_NUMBER_OBJECT_CONVERSION = YES_AGGRESSIVE;
				CLANG_CXX_LANGUAGE_STANDARD = "gnu++14";
				CLANG_CXX_LIBRARY = "libc++";
				CLANG_ENABLE_MODULES = YES;
				CLANG_ENABLE_OBJC_ARC = YES;
				CLANG_ENABLE_OBJC_WEAK = YES;
				CLANG_WARN_BLOCK_CAPTURE_AUTORELEASING = YES;
				CLANG_WARN_BOOL_CONVERSION = YES;
				CLANG_WARN_COMMA = YES;
				CLANG_WARN_CONSTANT_CONVERSION = YES;
				CLANG_WARN_DEPRECATED_OBJC_IMPLEMENTATIONS = YES;
				CLANG_WARN_DIRECT_OBJC_ISA_USAGE = YES_ERROR;
				CLANG_WARN_DOCUMENTATION_COMMENTS = YES;
				CLANG_WARN_EMPTY_BODY = YES;
				CLANG_WARN_ENUM_CONVERSION = YES;
				CLANG_WARN_INFINITE_RECURSION = YES;
				CLANG_WARN_INT_CONVERSION = YES;
				CLANG_WARN_NON_LITERAL_NULL_CONVERSION = YES;
				CLANG_WARN_OBJC_IMPLICIT_RETAIN_SELF = YES;
				CLANG_WARN_OBJC_LITERAL_CONVERSION = YES;
				CLANG_WARN_OBJC_ROOT_CLASS = YES_ERROR;
				CLANG_WARN_RANGE_LOOP_ANALYSIS = YES;
				CLANG_WARN_STRICT_PROTOTYPES = YES;
				CLANG_WARN_SUSPICIOUS_MOVE = YES;
				CLANG_WARN_UNGUARDED_AVAILABILITY = YES_AGGRESSIVE;
				CLANG_WARN_UNREACHABLE_CODE = YES;
				CLANG_WARN__DUPLICATE_METHOD_MATCH = YES;
				CODE_SIGN_IDENTITY = "iPhone Developer";
				COPY_PHASE_STRIP = NO;
				DEBUG_INFORMATION_FORMAT = dwarf;
				ENABLE_STRICT_OBJC_MSGSEND = YES;
				ENABLE_TESTABILITY = YES;
				GCC_C_LANGUAGE_STANDARD = gnu11;
				GCC_DYNAMIC_NO_PIC = NO;
				GCC_NO_COMMON_BLOCKS = YES;
				GCC_OPTIMIZATION_LEVEL = 0;
				GCC_PREPROCESSOR_DEFINITIONS = (
					"DEBUG=1",
					"$(inherited)",
				);
				GCC_WARN_64_TO_32_BIT_CONVERSION = YES;
				GCC_WARN_ABOUT_RETURN_TYPE = YES_ERROR;
				GCC_WARN_UNDECLARED_SELECTOR = YES;
				GCC_WARN_UNINITIALIZED_AUTOS = YES_AGGRESSIVE;
				GCC_WARN_UNUSED_FUNCTION = YES;
				GCC_WARN_UNUSED_VARIABLE = YES;
				IPHONEOS_DEPLOYMENT_TARGET = 12.2;
				MTL_ENABLE_DEBUG_INFO = INCLUDE_SOURCE;
				MTL_FAST_MATH = YES;
				ONLY_ACTIVE_ARCH = YES;
				SDKROOT = iphoneos;
				SWIFT_ACTIVE_COMPILATION_CONDITIONS = DEBUG;
				SWIFT_OPTIMIZATION_LEVEL = "-Onone";
			};
			name = Debug;
		};
		848EB80A22C1B7E300E4C549 /* Release */ = {
			isa = XCBuildConfiguration;
			buildSettings = {
				ALWAYS_SEARCH_USER_PATHS = NO;
				CLANG_ANALYZER_NONNULL = YES;
				CLANG_ANALYZER_NUMBER_OBJECT_CONVERSION = YES_AGGRESSIVE;
				CLANG_CXX_LANGUAGE_STANDARD = "gnu++14";
				CLANG_CXX_LIBRARY = "libc++";
				CLANG_ENABLE_MODULES = YES;
				CLANG_ENABLE_OBJC_ARC = YES;
				CLANG_ENABLE_OBJC_WEAK = YES;
				CLANG_WARN_BLOCK_CAPTURE_AUTORELEASING = YES;
				CLANG_WARN_BOOL_CONVERSION = YES;
				CLANG_WARN_COMMA = YES;
				CLANG_WARN_CONSTANT_CONVERSION = YES;
				CLANG_WARN_DEPRECATED_OBJC_IMPLEMENTATIONS = YES;
				CLANG_WARN_DIRECT_OBJC_ISA_USAGE = YES_ERROR;
				CLANG_WARN_DOCUMENTATION_COMMENTS = YES;
				CLANG_WARN_EMPTY_BODY = YES;
				CLANG_WARN_ENUM_CONVERSION = YES;
				CLANG_WARN_INFINITE_RECURSION = YES;
				CLANG_WARN_INT_CONVERSION = YES;
				CLANG_WARN_NON_LITERAL_NULL_CONVERSION = YES;
				CLANG_WARN_OBJC_IMPLICIT_RETAIN_SELF = YES;
				CLANG_WARN_OBJC_LITERAL_CONVERSION = YES;
				CLANG_WARN_OBJC_ROOT_CLASS = YES_ERROR;
				CLANG_WARN_RANGE_LOOP_ANALYSIS = YES;
				CLANG_WARN_STRICT_PROTOTYPES = YES;
				CLANG_WARN_SUSPICIOUS_MOVE = YES;
				CLANG_WARN_UNGUARDED_AVAILABILITY = YES_AGGRESSIVE;
				CLANG_WARN_UNREACHABLE_CODE = YES;
				CLANG_WARN__DUPLICATE_METHOD_MATCH = YES;
				CODE_SIGN_IDENTITY = "iPhone Developer";
				COPY_PHASE_STRIP = NO;
				DEBUG_INFORMATION_FORMAT = "dwarf-with-dsym";
				ENABLE_NS_ASSERTIONS = NO;
				ENABLE_STRICT_OBJC_MSGSEND = YES;
				GCC_C_LANGUAGE_STANDARD = gnu11;
				GCC_NO_COMMON_BLOCKS = YES;
				GCC_WARN_64_TO_32_BIT_CONVERSION = YES;
				GCC_WARN_ABOUT_RETURN_TYPE = YES_ERROR;
				GCC_WARN_UNDECLARED_SELECTOR = YES;
				GCC_WARN_UNINITIALIZED_AUTOS = YES_AGGRESSIVE;
				GCC_WARN_UNUSED_FUNCTION = YES;
				GCC_WARN_UNUSED_VARIABLE = YES;
				IPHONEOS_DEPLOYMENT_TARGET = 12.2;
				MTL_ENABLE_DEBUG_INFO = NO;
				MTL_FAST_MATH = YES;
				SDKROOT = iphoneos;
				SWIFT_COMPILATION_MODE = wholemodule;
				SWIFT_OPTIMIZATION_LEVEL = "-O";
				VALIDATE_PRODUCT = YES;
			};
			name = Release;
		};
		848EB80C22C1B7E300E4C549 /* Debug */ = {
			isa = XCBuildConfiguration;
			baseConfigurationReference = 8A2913FDB89468DEF16DB509 /* Pods-Falcon.debug.xcconfig */;
			buildSettings = {
				ASSETCATALOG_COMPILER_APPICON_NAME = AppIcon;
				CODE_SIGN_STYLE = Automatic;
				DEVELOPMENT_TEAM = MKB594299D;
				INFOPLIST_FILE = Falcon/Info.plist;
				IPHONEOS_DEPLOYMENT_TARGET = 11.0;
				LD_RUNPATH_SEARCH_PATHS = (
					"$(inherited)",
					"@executable_path/Frameworks",
				);
				PRODUCT_BUNDLE_IDENTIFIER = swift.gg.Falcon;
				PRODUCT_NAME = "$(TARGET_NAME)";
				SWIFT_VERSION = 5.0;
				TARGETED_DEVICE_FAMILY = "1,2";
			};
			name = Debug;
		};
		848EB80D22C1B7E300E4C549 /* Release */ = {
			isa = XCBuildConfiguration;
			baseConfigurationReference = 12229BD8609C81FB89672E66 /* Pods-Falcon.release.xcconfig */;
			buildSettings = {
				ASSETCATALOG_COMPILER_APPICON_NAME = AppIcon;
				CODE_SIGN_STYLE = Automatic;
				DEVELOPMENT_TEAM = MKB594299D;
				INFOPLIST_FILE = Falcon/Info.plist;
				IPHONEOS_DEPLOYMENT_TARGET = 11.0;
				LD_RUNPATH_SEARCH_PATHS = (
					"$(inherited)",
					"@executable_path/Frameworks",
				);
				PRODUCT_BUNDLE_IDENTIFIER = swift.gg.Falcon;
				PRODUCT_NAME = "$(TARGET_NAME)";
				SWIFT_VERSION = 5.0;
				TARGETED_DEVICE_FAMILY = "1,2";
			};
			name = Release;
		};
		848EB80F22C1B7E300E4C549 /* Debug */ = {
			isa = XCBuildConfiguration;
			baseConfigurationReference = A1565EFCB9161BCF7C06416F /* Pods-FalconTests.debug.xcconfig */;
			buildSettings = {
				ALWAYS_EMBED_SWIFT_STANDARD_LIBRARIES = YES;
				BUNDLE_LOADER = "$(TEST_HOST)";
				CODE_SIGN_STYLE = Automatic;
				DEVELOPMENT_TEAM = DNL5G5M9A8;
				INFOPLIST_FILE = FalconTests/Info.plist;
				LD_RUNPATH_SEARCH_PATHS = (
					"$(inherited)",
					"@executable_path/Frameworks",
					"@loader_path/Frameworks",
				);
				PRODUCT_BUNDLE_IDENTIFIER = swift.gg.FalconTests;
				PRODUCT_NAME = "$(TARGET_NAME)";
				SWIFT_VERSION = 5.0;
				TARGETED_DEVICE_FAMILY = "1,2";
				TEST_HOST = "$(BUILT_PRODUCTS_DIR)/Falcon.app/Falcon";
			};
			name = Debug;
		};
		848EB81022C1B7E300E4C549 /* Release */ = {
			isa = XCBuildConfiguration;
			baseConfigurationReference = A0C35EFB44B6796AA4283BB9 /* Pods-FalconTests.release.xcconfig */;
			buildSettings = {
				ALWAYS_EMBED_SWIFT_STANDARD_LIBRARIES = YES;
				BUNDLE_LOADER = "$(TEST_HOST)";
				CODE_SIGN_STYLE = Automatic;
				DEVELOPMENT_TEAM = DNL5G5M9A8;
				INFOPLIST_FILE = FalconTests/Info.plist;
				LD_RUNPATH_SEARCH_PATHS = (
					"$(inherited)",
					"@executable_path/Frameworks",
					"@loader_path/Frameworks",
				);
				PRODUCT_BUNDLE_IDENTIFIER = swift.gg.FalconTests;
				PRODUCT_NAME = "$(TARGET_NAME)";
				SWIFT_VERSION = 5.0;
				TARGETED_DEVICE_FAMILY = "1,2";
				TEST_HOST = "$(BUILT_PRODUCTS_DIR)/Falcon.app/Falcon";
			};
			name = Release;
		};
/* End XCBuildConfiguration section */

/* Begin XCConfigurationList section */
		848EB7E922C1B7E200E4C549 /* Build configuration list for PBXProject "Falcon" */ = {
			isa = XCConfigurationList;
			buildConfigurations = (
				848EB80922C1B7E300E4C549 /* Debug */,
				848EB80A22C1B7E300E4C549 /* Release */,
			);
			defaultConfigurationIsVisible = 0;
			defaultConfigurationName = Release;
		};
		848EB80B22C1B7E300E4C549 /* Build configuration list for PBXNativeTarget "Falcon" */ = {
			isa = XCConfigurationList;
			buildConfigurations = (
				848EB80C22C1B7E300E4C549 /* Debug */,
				848EB80D22C1B7E300E4C549 /* Release */,
			);
			defaultConfigurationIsVisible = 0;
			defaultConfigurationName = Release;
		};
		848EB80E22C1B7E300E4C549 /* Build configuration list for PBXNativeTarget "FalconTests" */ = {
			isa = XCConfigurationList;
			buildConfigurations = (
				848EB80F22C1B7E300E4C549 /* Debug */,
				848EB81022C1B7E300E4C549 /* Release */,
			);
			defaultConfigurationIsVisible = 0;
			defaultConfigurationName = Release;
		};
/* End XCConfigurationList section */
	};
	rootObject = 848EB7E622C1B7E200E4C549 /* Project object */;
}
