// !$*UTF8*$!
{
	archiveVersion = 1;
	classes = {
	};
	objectVersion = 50;
	objects = {

/* Begin PBXBuildFile section */
		355655A12E383E70E02E3069 /* Pods_FalconTests.framework in Frameworks */ = {isa = PBXBuildFile; fileRef = 3A02CF74D0526C90D436EBE1 /* Pods_FalconTests.framework */; };
		848EB7F222C1B7E200E4C549 /* AppDelegate.swift in Sources */ = {isa = PBXBuildFile; fileRef = 848EB7F122C1B7E200E4C549 /* AppDelegate.swift */; };
		848EB7F422C1B7E200E4C549 /* ViewController.swift in Sources */ = {isa = PBXBuildFile; fileRef = 848EB7F322C1B7E200E4C549 /* ViewController.swift */; };
		848EB7F722C1B7E200E4C549 /* Main.storyboard in Resources */ = {isa = PBXBuildFile; fileRef = 848EB7F522C1B7E200E4C549 /* Main.storyboard */; };
		848EB7F922C1B7E300E4C549 /* Assets.xcassets in Resources */ = {isa = PBXBuildFile; fileRef = 848EB7F822C1B7E300E4C549 /* Assets.xcassets */; };
		848EB7FC22C1B7E300E4C549 /* LaunchScreen.storyboard in Resources */ = {isa = PBXBuildFile; fileRef = 848EB7FA22C1B7E300E4C549 /* LaunchScreen.storyboard */; };
		848EB80722C1B7E300E4C549 /* FalconTests.swift in Sources */ = {isa = PBXBuildFile; fileRef = 848EB80622C1B7E300E4C549 /* FalconTests.swift */; };
		A3BAB3C2190F5029F705C64F /* Pods_Falcon.framework in Frameworks */ = {isa = PBXBuildFile; fileRef = D6ACCC2D6C9DDCDAB5F730B3 /* Pods_Falcon.framework */; };
/* End PBXBuildFile section */

/* Begin PBXContainerItemProxy section */
		848EB80322C1B7E300E4C549 /* PBXContainerItemProxy */ = {
			isa = PBXContainerItemProxy;
			containerPortal = 848EB7E622C1B7E200E4C549 /* Project object */;
			proxyType = 1;
			remoteGlobalIDString = 848EB7ED22C1B7E200E4C549;
			remoteInfo = Falcon;
		};
/* End PBXContainerItemProxy section */

/* Begin PBXFileReference section */
		12229BD8609C81FB89672E66 /* Pods-Falcon.release.xcconfig */ = {isa = PBXFileReference; includeInIndex = 1; lastKnownFileType = text.xcconfig; name = "Pods-Falcon.release.xcconfig"; path = "Target Support Files/Pods-Falcon/Pods-Falcon.release.xcconfig"; sourceTree = "<group>"; };
		3A02CF74D0526C90D436EBE1 /* Pods_FalconTests.framework */ = {isa = PBXFileReference; explicitFileType = wrapper.framework; includeInIndex = 0; path = Pods_FalconTests.framework; sourceTree = BUILT_PRODUCTS_DIR; };
		848EB7EE22C1B7E200E4C549 /* Falcon.app */ = {isa = PBXFileReference; explicitFileType = wrapper.application; includeInIndex = 0; path = Falcon.app; sourceTree = BUILT_PRODUCTS_DIR; };
		848EB7F122C1B7E200E4C549 /* AppDelegate.swift */ = {isa = PBXFileReference; lastKnownFileType = sourcecode.swift; path = AppDelegate.swift; sourceTree = "<group>"; };
		848EB7F322C1B7E200E4C549 /* ViewController.swift */ = {isa = PBXFileReference; lastKnownFileType = sourcecode.swift; path = ViewController.swift; sourceTree = "<group>"; };
		848EB7F622C1B7E200E4C549 /* Base */ = {isa = PBXFileReference; lastKnownFileType = file.storyboard; name = Base; path = Base.lproj/Main.storyboard; sourceTree = "<group>"; };
		848EB7F822C1B7E300E4C549 /* Assets.xcassets */ = {isa = PBXFileReference; lastKnownFileType = folder.assetcatalog; path = Assets.xcassets; sourceTree = "<group>"; };
		848EB7FB22C1B7E300E4C549 /* Base */ = {isa = PBXFileReference; lastKnownFileType = file.storyboard; name = Base; path = Base.lproj/LaunchScreen.storyboard; sourceTree = "<group>"; };
		848EB7FD22C1B7E300E4C549 /* Info.plist */ = {isa = PBXFileReference; lastKnownFileType = text.plist.xml; path = Info.plist; sourceTree = "<group>"; };
		848EB80222C1B7E300E4C549 /* FalconTests.xctest */ = {isa = PBXFileReference; explicitFileType = wrapper.cfbundle; includeInIndex = 0; path = FalconTests.xctest; sourceTree = BUILT_PRODUCTS_DIR; };
		848EB80622C1B7E300E4C549 /* FalconTests.swift */ = {isa = PBXFileReference; lastKnownFileType = sourcecode.swift; path = FalconTests.swift; sourceTree = "<group>"; };
		848EB80822C1B7E300E4C549 /* Info.plist */ = {isa = PBXFileReference; lastKnownFileType = text.plist.xml; path = Info.plist; sourceTree = "<group>"; };
		8A2913FDB89468DEF16DB509 /* Pods-Falcon.debug.xcconfig */ = {isa = PBXFileReference; includeInIndex = 1; lastKnownFileType = text.xcconfig; name = "Pods-Falcon.debug.xcconfig"; path = "Target Support Files/Pods-Falcon/Pods-Falcon.debug.xcconfig"; sourceTree = "<group>"; };
		A0C35EFB44B6796AA4283BB9 /* Pods-FalconTests.release.xcconfig */ = {isa = PBXFileReference; includeInIndex = 1; lastKnownFileType = text.xcconfig; name = "Pods-FalconTests.release.xcconfig"; path = "Target Support Files/Pods-FalconTests/Pods-FalconTests.release.xcconfig"; sourceTree = "<group>"; };
		A1565EFCB9161BCF7C06416F /* Pods-FalconTests.debug.xcconfig */ = {isa = PBXFileReference; includeInIndex = 1; lastKnownFileType = text.xcconfig; name = "Pods-FalconTests.debug.xcconfig"; path = "Target Support Files/Pods-FalconTests/Pods-FalconTests.debug.xcconfig"; sourceTree = "<group>"; };
		D6ACCC2D6C9DDCDAB5F730B3 /* Pods_Falcon.framework */ = {isa = PBXFileReference; explicitFileType = wrapper.framework; includeInIndex = 0; path = Pods_Falcon.framework; sourceTree = BUILT_PRODUCTS_DIR; };
/* End PBXFileReference section */

/* Begin PBXFrameworksBuildPhase section */
		848EB7EB22C1B7E200E4C549 /* Frameworks */ = {
			isa = PBXFrameworksBuildPhase;
			buildActionMask = 2147483647;
			files = (
				A3BAB3C2190F5029F705C64F /* Pods_Falcon.framework in Frameworks */,
			);
			runOnlyForDeploymentPostprocessing = 0;
		};
		848EB7FF22C1B7E300E4C549 /* Frameworks */ = {
			isa = PBXFrameworksBuildPhase;
			buildActionMask = 2147483647;
			files = (
				355655A12E383E70E02E3069 /* Pods_FalconTests.framework in Frameworks */,
			);
			runOnlyForDeploymentPostprocessing = 0;
		};
/* End PBXFrameworksBuildPhase section */

/* Begin PBXGroup section */
		280A56A7C2609FDC23AA31AD /* Frameworks */ = {
			isa = PBXGroup;
			children = (
				D6ACCC2D6C9DDCDAB5F730B3 /* Pods_Falcon.framework */,
				3A02CF74D0526C90D436EBE1 /* Pods_FalconTests.framework */,
			);
			name = Frameworks;
			sourceTree = "<group>";
		};
		848EB7E522C1B7E200E4C549 = {
			isa = PBXGroup;
			children = (
				848EB7F022C1B7E200E4C549 /* Falcon */,
				848EB80522C1B7E300E4C549 /* FalconTests */,
				848EB7EF22C1B7E200E4C549 /* Products */,
				CC92B34EB387259D5C5E58D1 /* Pods */,
				280A56A7C2609FDC23AA31AD /* Frameworks */,
			);
			sourceTree = "<group>";
		};
		848EB7EF22C1B7E200E4C549 /* Products */ = {
			isa = PBXGroup;
			children = (
				848EB7EE22C1B7E200E4C549 /* Falcon.app */,
				848EB80222C1B7E300E4C549 /* FalconTests.xctest */,
			);
			name = Products;
			sourceTree = "<group>";
		};
		848EB7F022C1B7E200E4C549 /* Falcon */ = {
			isa = PBXGroup;
			children = (
				848EB7F122C1B7E200E4C549 /* AppDelegate.swift */,
				848EB7F322C1B7E200E4C549 /* ViewController.swift */,
				848EB7F522C1B7E200E4C549 /* Main.storyboard */,
				848EB7F822C1B7E300E4C549 /* Assets.xcassets */,
				848EB7FA22C1B7E300E4C549 /* LaunchScreen.storyboard */,
				848EB7FD22C1B7E300E4C549 /* Info.plist */,
			);
			path = Falcon;
			sourceTree = "<group>";
		};
		848EB80522C1B7E300E4C549 /* FalconTests */ = {
			isa = PBXGroup;
			children = (
				848EB80622C1B7E300E4C549 /* FalconTests.swift */,
				848EB80822C1B7E300E4C549 /* Info.plist */,
			);
			path = FalconTests;
			sourceTree = "<group>";
		};
		CC92B34EB387259D5C5E58D1 /* Pods */ = {
			isa = PBXGroup;
			children = (
				8A2913FDB89468DEF16DB509 /* Pods-Falcon.debug.xcconfig */,
				12229BD8609C81FB89672E66 /* Pods-Falcon.release.xcconfig */,
				A1565EFCB9161BCF7C06416F /* Pods-FalconTests.debug.xcconfig */,
				A0C35EFB44B6796AA4283BB9 /* Pods-FalconTests.release.xcconfig */,
			);
			name = Pods;
			path = Pods;
			sourceTree = "<group>";
		};
/* End PBXGroup section */

/* Begin PBXNativeTarget section */
		848EB7ED22C1B7E200E4C549 /* Falcon */ = {
			isa = PBXNativeTarget;
			buildConfigurationList = 848EB80B22C1B7E300E4C549 /* Build configuration list for PBXNativeTarget "Falcon" */;
			buildPhases = (
				2B737B86B811CCB3F56E3606 /* [CP] Check Pods Manifest.lock */,
				848EB7EA22C1B7E200E4C549 /* Sources */,
				848EB7EB22C1B7E200E4C549 /* Frameworks */,
				848EB7EC22C1B7E200E4C549 /* Resources */,
			);
			buildRules = (
			);
			dependencies = (
			);
			name = Falcon;
			productName = Falcon;
			productReference = 848EB7EE22C1B7E200E4C549 /* Falcon.app */;
			productType = "com.apple.product-type.application";
		};
		848EB80122C1B7E300E4C549 /* FalconTests */ = {
			isa = PBXNativeTarget;
			buildConfigurationList = 848EB80E22C1B7E300E4C549 /* Build configuration list for PBXNativeTarget "FalconTests" */;
			buildPhases = (
				178AF471B17DCFB86150C228 /* [CP] Check Pods Manifest.lock */,
				848EB7FE22C1B7E300E4C549 /* Sources */,
				848EB7FF22C1B7E300E4C549 /* Frameworks */,
				848EB80022C1B7E300E4C549 /* Resources */,
			);
			buildRules = (
			);
			dependencies = (
				848EB80422C1B7E300E4C549 /* PBXTargetDependency */,
			);
			name = FalconTests;
			productName = FalconTests;
			productReference = 848EB80222C1B7E300E4C549 /* FalconTests.xctest */;
			productType = "com.apple.product-type.bundle.unit-test";
		};
/* End PBXNativeTarget section */

/* Begin PBXProject section */
		848EB7E622C1B7E200E4C549 /* Project object */ = {
			isa = PBXProject;
			attributes = {
				LastSwiftUpdateCheck = 1020;
				LastUpgradeCheck = 1020;
				ORGANIZATIONNAME = "Harry Duan";
				TargetAttributes = {
					848EB7ED22C1B7E200E4C549 = {
						CreatedOnToolsVersion = 10.2.1;
					};
					848EB80122C1B7E300E4C549 = {
						CreatedOnToolsVersion = 10.2.1;
						TestTargetID = 848EB7ED22C1B7E200E4C549;
					};
				};
			};
			buildConfigurationList = 848EB7E922C1B7E200E4C549 /* Build configuration list for PBXProject "Falcon" */;
			compatibilityVersion = "Xcode 9.3";
			developmentRegion = en;
			hasScannedForEncodings = 0;
			knownRegions = (
				en,
				Base,
			);
			mainGroup = 848EB7E522C1B7E200E4C549;
			productRefGroup = 848EB7EF22C1B7E200E4C549 /* Products */;
			projectDirPath = "";
			projectRoot = "";
			targets = (
				848EB7ED22C1B7E200E4C549 /* Falcon */,
				848EB80122C1B7E300E4C549 /* FalconTests */,
			);
		};
/* End PBXProject section */

/* Begin PBXResourcesBuildPhase section */
		848EB7EC22C1B7E200E4C549 /* Resources */ = {
			isa = PBXResourcesBuildPhase;
			buildActionMask = 2147483647;
			files = (
				848EB7FC22C1B7E300E4C549 /* LaunchScreen.storyboard in Resources */,
				848EB7F922C1B7E300E4C549 /* Assets.xcassets in Resources */,
				848EB7F722C1B7E200E4C549 /* Main.storyboard in Resources */,
			);
			runOnlyForDeploymentPostprocessing = 0;
		};
		848EB80022C1B7E300E4C549 /* Resources */ = {
			isa = PBXResourcesBuildPhase;
			buildActionMask = 2147483647;
			files = (
			);
			runOnlyForDeploymentPostprocessing = 0;
		};
/* End PBXResourcesBuildPhase section */

/* Begin PBXShellScriptBuildPhase section */
		178AF471B17DCFB86150C228 /* [CP] Check Pods Manifest.lock */ = {
			isa = PBXShellScriptBuildPhase;
			buildActionMask = 2147483647;
			files = (
			);
			inputFileListPaths = (
			);
			inputPaths = (
				"${PODS_PODFILE_DIR_PATH}/Podfile.lock",
				"${PODS_ROOT}/Manifest.lock",
			);
			name = "[CP] Check Pods Manifest.lock";
			outputFileListPaths = (
			);
			outputPaths = (
				"$(DERIVED_FILE_DIR)/Pods-FalconTests-checkManifestLockResult.txt",
			);
			runOnlyForDeploymentPostprocessing = 0;
			shellPath = /bin/sh;
			shellScript = "diff \"${PODS_PODFILE_DIR_PATH}/Podfile.lock\" \"${PODS_ROOT}/Manifest.lock\" > /dev/null\nif [ $? != 0 ] ; then\n    # print error to STDERR\n    echo \"error: The sandbox is not in sync with the Podfile.lock. Run 'pod install' or update your CocoaPods installation.\" >&2\n    exit 1\nfi\n# This output is used by Xcode 'outputs' to avoid re-running this script phase.\necho \"SUCCESS\" > \"${SCRIPT_OUTPUT_FILE_0}\"\n";
			showEnvVarsInLog = 0;
		};
		2B737B86B811CCB3F56E3606 /* [CP] Check Pods Manifest.lock */ = {
			isa = PBXShellScriptBuildPhase;
			buildActionMask = 2147483647;
			files = (
			);
			inputFileListPaths = (
			);
			inputPaths = (
				"${PODS_PODFILE_DIR_PATH}/Podfile.lock",
				"${PODS_ROOT}/Manifest.lock",
			);
			name = "[CP] Check Pods Manifest.lock";
			outputFileListPaths = (
			);
			outputPaths = (
				"$(DERIVED_FILE_DIR)/Pods-Falcon-checkManifestLockResult.txt",
			);
			runOnlyForDeploymentPostprocessing = 0;
			shellPath = /bin/sh;
			shellScript = "diff \"${PODS_PODFILE_DIR_PATH}/Podfile.lock\" \"${PODS_ROOT}/Manifest.lock\" > /dev/null\nif [ $? != 0 ] ; then\n    # print error to STDERR\n    echo \"error: The sandbox is not in sync with the Podfile.lock. Run 'pod install' or update your CocoaPods installation.\" >&2\n    exit 1\nfi\n# This output is used by Xcode 'outputs' to avoid re-running this script phase.\necho \"SUCCESS\" > \"${SCRIPT_OUTPUT_FILE_0}\"\n";
			showEnvVarsInLog = 0;
		};
/* End PBXShellScriptBuildPhase section */

/* Begin PBXSourcesBuildPhase section */
		848EB7EA22C1B7E200E4C549 /* Sources */ = {
			isa = PBXSourcesBuildPhase;
			buildActionMask = 2147483647;
			files = (
				848EB7F422C1B7E200E4C549 /* ViewController.swift in Sources */,
				848EB7F222C1B7E200E4C549 /* AppDelegate.swift in Sources */,
			);
			runOnlyForDeploymentPostprocessing = 0;
		};
		848EB7FE22C1B7E300E4C549 /* Sources */ = {
			isa = PBXSourcesBuildPhase;
			buildActionMask = 2147483647;
			files = (
				848EB80722C1B7E300E4C549 /* FalconTests.swift in Sources */,
			);
			runOnlyForDeploymentPostprocessing = 0;
		};
/* End PBXSourcesBuildPhase section */

/* Begin PBXTargetDependency section */
		848EB80422C1B7E300E4C549 /* PBXTargetDependency */ = {
			isa = PBXTargetDependency;
			target = 848EB7ED22C1B7E200E4C549 /* Falcon */;
			targetProxy = 848EB80322C1B7E300E4C549 /* PBXContainerItemProxy */;
		};
/* End PBXTargetDependency section */

/* Begin PBXVariantGroup section */
		848EB7F522C1B7E200E4C549 /* Main.storyboard */ = {
			isa = PBXVariantGroup;
			children = (
				848EB7F622C1B7E200E4C549 /* Base */,
			);
			name = Main.storyboard;
			sourceTree = "<group>";
		};
		848EB7FA22C1B7E300E4C549 /* LaunchScreen.storyboard */ = {
			isa = PBXVariantGroup;
			children = (
				848EB7FB22C1B7E300E4C549 /* Base */,
			);
			name = LaunchScreen.storyboard;
			sourceTree = "<group>";
		};
/* End PBXVariantGroup section */

/* Begin XCBuildConfiguration section */
		848EB80922C1B7E300E4C549 /* Debug */ = {
			isa = XCBuildConfiguration;
			buildSettings = {
				ALWAYS_SEARCH_USER_PATHS = NO;
				CLANG_ANALYZER_NONNULL = YES;
				CLANG_ANALYZER_NUMBER_OBJECT_CONVERSION = YES_AGGRESSIVE;
				CLANG_CXX_LANGUAGE_STANDARD = "gnu++14";
				CLANG_CXX_LIBRARY = "libc++";
				CLANG_ENABLE_MODULES = YES;
				CLANG_ENABLE_OBJC_ARC = YES;
				CLANG_ENABLE_OBJC_WEAK = YES;
				CLANG_WARN_BLOCK_CAPTURE_AUTORELEASING = YES;
				CLANG_WARN_BOOL_CONVERSION = YES;
				CLANG_WARN_COMMA = YES;
				CLANG_WARN_CONSTANT_CONVERSION = YES;
				CLANG_WARN_DEPRECATED_OBJC_IMPLEMENTATIONS = YES;
				CLANG_WARN_DIRECT_OBJC_ISA_USAGE = YES_ERROR;
				CLANG_WARN_DOCUMENTATION_COMMENTS = YES;
				CLANG_WARN_EMPTY_BODY = YES;
				CLANG_WARN_ENUM_CONVERSION = YES;
				CLANG_WARN_INFINITE_RECURSION = YES;
				CLANG_WARN_INT_CONVERSION = YES;
				CLANG_WARN_NON_LITERAL_NULL_CONVERSION = YES;
				CLANG_WARN_OBJC_IMPLICIT_RETAIN_SELF = YES;
				CLANG_WARN_OBJC_LITERAL_CONVERSION = YES;
				CLANG_WARN_OBJC_ROOT_CLASS = YES_ERROR;
				CLANG_WARN_RANGE_LOOP_ANALYSIS = YES;
				CLANG_WARN_STRICT_PROTOTYPES = YES;
				CLANG_WARN_SUSPICIOUS_MOVE = YES;
				CLANG_WARN_UNGUARDED_AVAILABILITY = YES_AGGRESSIVE;
				CLANG_WARN_UNREACHABLE_CODE = YES;
				CLANG_WARN__DUPLICATE_METHOD_MATCH = YES;
				CODE_SIGN_IDENTITY = "iPhone Developer";
				COPY_PHASE_STRIP = NO;
				DEBUG_INFORMATION_FORMAT = dwarf;
				ENABLE_STRICT_OBJC_MSGSEND = YES;
				ENABLE_TESTABILITY = YES;
				GCC_C_LANGUAGE_STANDARD = gnu11;
				GCC_DYNAMIC_NO_PIC = NO;
				GCC_NO_COMMON_BLOCKS = YES;
				GCC_OPTIMIZATION_LEVEL = 0;
				GCC_PREPROCESSOR_DEFINITIONS = (
					"DEBUG=1",
					"$(inherited)",
				);
				GCC_WARN_64_TO_32_BIT_CONVERSION = YES;
				GCC_WARN_ABOUT_RETURN_TYPE = YES_ERROR;
				GCC_WARN_UNDECLARED_SELECTOR = YES;
				GCC_WARN_UNINITIALIZED_AUTOS = YES_AGGRESSIVE;
				GCC_WARN_UNUSED_FUNCTION = YES;
				GCC_WARN_UNUSED_VARIABLE = YES;
				IPHONEOS_DEPLOYMENT_TARGET = 12.2;
				MTL_ENABLE_DEBUG_INFO = INCLUDE_SOURCE;
				MTL_FAST_MATH = YES;
				ONLY_ACTIVE_ARCH = YES;
				SDKROOT = iphoneos;
				SWIFT_ACTIVE_COMPILATION_CONDITIONS = DEBUG;
				SWIFT_OPTIMIZATION_LEVEL = "-Onone";
			};
			name = Debug;
		};
		848EB80A22C1B7E300E4C549 /* Release */ = {
			isa = XCBuildConfiguration;
			buildSettings = {
				ALWAYS_SEARCH_USER_PATHS = NO;
				CLANG_ANALYZER_NONNULL = YES;
				CLANG_ANALYZER_NUMBER_OBJECT_CONVERSION = YES_AGGRESSIVE;
				CLANG_CXX_LANGUAGE_STANDARD = "gnu++14";
				CLANG_CXX_LIBRARY = "libc++";
				CLANG_ENABLE_MODULES = YES;
				CLANG_ENABLE_OBJC_ARC = YES;
				CLANG_ENABLE_OBJC_WEAK = YES;
				CLANG_WARN_BLOCK_CAPTURE_AUTORELEASING = YES;
				CLANG_WARN_BOOL_CONVERSION = YES;
				CLANG_WARN_COMMA = YES;
				CLANG_WARN_CONSTANT_CONVERSION = YES;
				CLANG_WARN_DEPRECATED_OBJC_IMPLEMENTATIONS = YES;
				CLANG_WARN_DIRECT_OBJC_ISA_USAGE = YES_ERROR;
				CLANG_WARN_DOCUMENTATION_COMMENTS = YES;
				CLANG_WARN_EMPTY_BODY = YES;
				CLANG_WARN_ENUM_CONVERSION = YES;
				CLANG_WARN_INFINITE_RECURSION = YES;
				CLANG_WARN_INT_CONVERSION = YES;
				CLANG_WARN_NON_LITERAL_NULL_CONVERSION = YES;
				CLANG_WARN_OBJC_IMPLICIT_RETAIN_SELF = YES;
				CLANG_WARN_OBJC_LITERAL_CONVERSION = YES;
				CLANG_WARN_OBJC_ROOT_CLASS = YES_ERROR;
				CLANG_WARN_RANGE_LOOP_ANALYSIS = YES;
				CLANG_WARN_STRICT_PROTOTYPES = YES;
				CLANG_WARN_SUSPICIOUS_MOVE = YES;
				CLANG_WARN_UNGUARDED_AVAILABILITY = YES_AGGRESSIVE;
				CLANG_WARN_UNREACHABLE_CODE = YES;
				CLANG_WARN__DUPLICATE_METHOD_MATCH = YES;
				CODE_SIGN_IDENTITY = "iPhone Developer";
				COPY_PHASE_STRIP = NO;
				DEBUG_INFORMATION_FORMAT = "dwarf-with-dsym";
				ENABLE_NS_ASSERTIONS = NO;
				ENABLE_STRICT_OBJC_MSGSEND = YES;
				GCC_C_LANGUAGE_STANDARD = gnu11;
				GCC_NO_COMMON_BLOCKS = YES;
				GCC_WARN_64_TO_32_BIT_CONVERSION = YES;
				GCC_WARN_ABOUT_RETURN_TYPE = YES_ERROR;
				GCC_WARN_UNDECLARED_SELECTOR = YES;
				GCC_WARN_UNINITIALIZED_AUTOS = YES_AGGRESSIVE;
				GCC_WARN_UNUSED_FUNCTION = YES;
				GCC_WARN_UNUSED_VARIABLE = YES;
				IPHONEOS_DEPLOYMENT_TARGET = 12.2;
				MTL_ENABLE_DEBUG_INFO = NO;
				MTL_FAST_MATH = YES;
				SDKROOT = iphoneos;
				SWIFT_COMPILATION_MODE = wholemodule;
				SWIFT_OPTIMIZATION_LEVEL = "-O";
				VALIDATE_PRODUCT = YES;
			};
			name = Release;
		};
		848EB80C22C1B7E300E4C549 /* Debug */ = {
			isa = XCBuildConfiguration;
			baseConfigurationReference = 8A2913FDB89468DEF16DB509 /* Pods-Falcon.debug.xcconfig */;
			buildSettings = {
				ASSETCATALOG_COMPILER_APPICON_NAME = AppIcon;
				CODE_SIGN_STYLE = Automatic;
				DEVELOPMENT_TEAM = DNL5G5M9A8;
				INFOPLIST_FILE = Falcon/Info.plist;
				LD_RUNPATH_SEARCH_PATHS = (
					"$(inherited)",
					"@executable_path/Frameworks",
				);
				PRODUCT_BUNDLE_IDENTIFIER = swift.gg.Falcon;
				PRODUCT_NAME = "$(TARGET_NAME)";
				SWIFT_VERSION = 5.0;
				TARGETED_DEVICE_FAMILY = "1,2";
			};
			name = Debug;
		};
		848EB80D22C1B7E300E4C549 /* Release */ = {
			isa = XCBuildConfiguration;
			baseConfigurationReference = 12229BD8609C81FB89672E66 /* Pods-Falcon.release.xcconfig */;
			buildSettings = {
				ASSETCATALOG_COMPILER_APPICON_NAME = AppIcon;
				CODE_SIGN_STYLE = Automatic;
				DEVELOPMENT_TEAM = DNL5G5M9A8;
				INFOPLIST_FILE = Falcon/Info.plist;
				LD_RUNPATH_SEARCH_PATHS = (
					"$(inherited)",
					"@executable_path/Frameworks",
				);
				PRODUCT_BUNDLE_IDENTIFIER = swift.gg.Falcon;
				PRODUCT_NAME = "$(TARGET_NAME)";
				SWIFT_VERSION = 5.0;
				TARGETED_DEVICE_FAMILY = "1,2";
			};
			name = Release;
		};
		848EB80F22C1B7E300E4C549 /* Debug */ = {
			isa = XCBuildConfiguration;
			baseConfigurationReference = A1565EFCB9161BCF7C06416F /* Pods-FalconTests.debug.xcconfig */;
			buildSettings = {
				ALWAYS_EMBED_SWIFT_STANDARD_LIBRARIES = YES;
				BUNDLE_LOADER = "$(TEST_HOST)";
				CODE_SIGN_STYLE = Automatic;
				DEVELOPMENT_TEAM = DNL5G5M9A8;
				INFOPLIST_FILE = FalconTests/Info.plist;
				LD_RUNPATH_SEARCH_PATHS = (
					"$(inherited)",
					"@executable_path/Frameworks",
					"@loader_path/Frameworks",
				);
				PRODUCT_BUNDLE_IDENTIFIER = swift.gg.FalconTests;
				PRODUCT_NAME = "$(TARGET_NAME)";
				SWIFT_VERSION = 5.0;
				TARGETED_DEVICE_FAMILY = "1,2";
				TEST_HOST = "$(BUILT_PRODUCTS_DIR)/Falcon.app/Falcon";
			};
			name = Debug;
		};
		848EB81022C1B7E300E4C549 /* Release */ = {
			isa = XCBuildConfiguration;
			baseConfigurationReference = A0C35EFB44B6796AA4283BB9 /* Pods-FalconTests.release.xcconfig */;
			buildSettings = {
				ALWAYS_EMBED_SWIFT_STANDARD_LIBRARIES = YES;
				BUNDLE_LOADER = "$(TEST_HOST)";
				CODE_SIGN_STYLE = Automatic;
				DEVELOPMENT_TEAM = DNL5G5M9A8;
				INFOPLIST_FILE = FalconTests/Info.plist;
				LD_RUNPATH_SEARCH_PATHS = (
					"$(inherited)",
					"@executable_path/Frameworks",
					"@loader_path/Frameworks",
				);
				PRODUCT_BUNDLE_IDENTIFIER = swift.gg.FalconTests;
				PRODUCT_NAME = "$(TARGET_NAME)";
				SWIFT_VERSION = 5.0;
				TARGETED_DEVICE_FAMILY = "1,2";
				TEST_HOST = "$(BUILT_PRODUCTS_DIR)/Falcon.app/Falcon";
			};
			name = Release;
		};
/* End XCBuildConfiguration section */

/* Begin XCConfigurationList section */
		848EB7E922C1B7E200E4C549 /* Build configuration list for PBXProject "Falcon" */ = {
			isa = XCConfigurationList;
			buildConfigurations = (
				848EB80922C1B7E300E4C549 /* Debug */,
				848EB80A22C1B7E300E4C549 /* Release */,
			);
			defaultConfigurationIsVisible = 0;
			defaultConfigurationName = Release;
		};
		848EB80B22C1B7E300E4C549 /* Build configuration list for PBXNativeTarget "Falcon" */ = {
			isa = XCConfigurationList;
			buildConfigurations = (
				848EB80C22C1B7E300E4C549 /* Debug */,
				848EB80D22C1B7E300E4C549 /* Release */,
			);
			defaultConfigurationIsVisible = 0;
			defaultConfigurationName = Release;
		};
		848EB80E22C1B7E300E4C549 /* Build configuration list for PBXNativeTarget "FalconTests" */ = {
			isa = XCConfigurationList;
			buildConfigurations = (
				848EB80F22C1B7E300E4C549 /* Debug */,
				848EB81022C1B7E300E4C549 /* Release */,
			);
			defaultConfigurationIsVisible = 0;
			defaultConfigurationName = Release;
		};
/* End XCConfigurationList section */
	};
	rootObject = 848EB7E622C1B7E200E4C549 /* Project object */;
}
