PODS:
  - Alamofire (4.7.3)
  - AlamofireObjectMapper (5.2.1):
    - Alamofire (~> 4.7)
    - ObjectMapper (~> 3.4)
  - CocoaLumberjack/Core (3.5.3)
  - CocoaLumberjack/Swift (3.5.3):
    - CocoaLumberjack/Core
  - Nimble (8.0.4)
  - ObjectMapper (3.5.1)
  - SDWebImage (5.0.0-beta3):
    - SDWebImage/Core (= 5.0.0-beta3)
  - SDWebImage/Core (5.0.0-beta3)
  - SnapKit (5.0.1)
  - SwifterSwift (5.0.0):
    - SwifterSwift/AppKit (= 5.0.0)
    - SwifterSwift/CoreGraphics (= 5.0.0)
    - SwifterSwift/CoreLocation (= 5.0.0)
    - SwifterSwift/Dispatch (= 5.0.0)
    - SwifterSwift/Foundation (= 5.0.0)
    - SwifterSwift/MapKit (= 5.0.0)
    - SwifterSwift/SpriteKit (= 5.0.0)
    - SwifterSwift/SwiftStdlib (= 5.0.0)
    - SwifterSwift/UIKit (= 5.0.0)
  - SwifterSwift/AppKit (5.0.0)
  - SwifterSwift/CoreGraphics (5.0.0)
  - SwifterSwift/CoreLocation (5.0.0)
  - SwifterSwift/Dispatch (5.0.0)
  - SwifterSwift/Foundation (5.0.0)
  - SwifterSwift/MapKit (5.0.0)
  - SwifterSwift/SpriteKit (5.0.0)
  - SwifterSwift/SwiftStdlib (5.0.0)
  - SwifterSwift/UIKit (5.0.0)
  - SWXMLHash (5.0.1)
  - Then (2.5.0)

DEPENDENCIES:
  - Alamofire (~> 4.7.3)
  - AlamofireObjectMapper (~> 5.0)
  - CocoaLumberjack/Swift (~> 3.5.0)
  - Nimble (~> 8.0.0)
  - ObjectMapper (~> 3.1)
  - SDWebImage (= 5.0.0-beta3)
  - SnapKit (~> 5.0.0)
  - SwifterSwift (~> 5.0.0)
  - SWXMLHash (~> 5.0.0)
  - Then (~> 2.5.0)

SPEC REPOS:
  https://github.com/CocoaPods/Specs.git:
    - Alamofire
    - AlamofireObjectMapper
    - CocoaLumberjack
    - Nimble
    - ObjectMapper
    - SDWebImage
    - SnapKit
    - SwifterSwift
    - SWXMLHash
    - Then

SPEC CHECKSUMS:
  Alamofire: c7287b6e5d7da964a70935e5db17046b7fde6568
  AlamofireObjectMapper: 1989f690e982b71921b9253f53a4f33a9bc00d88
  CocoaLumberjack: 2f44e60eb91c176d471fdba43b9e3eae6a721947
  Nimble: 18d5360282923225d62b09d781f63abc1a0111fc
  ObjectMapper: 70187b8941977c62ccfb423caf6b50be405cabf0
  SDWebImage: e52654ceef9fdc19f4c612d64a5b6d3f05dd81a4
  SnapKit: 97b92857e3df3a0c71833cce143274bf6ef8e5eb
  SwifterSwift: 96f90594b370802f01647c2b1229c74a84ffafee
  SWXMLHash: 9cc0c2e4807926c74377724aa8722ee5707a0485
  Then: 0157115e883545c77967b452fe74a1d25fb796e1

PODFILE CHECKSUM: 39df1a9a9203fa4b1c182e17072adb12c1d8d18d

COCOAPODS: 1.8.3
